{
  "name": "termkit",
  "version": "1.4.0",
  "lockfileVersion": 1,
  "requires": true,
  "dependencies": {
    "cosmetic": {
      "version": "1.1.1",
      "resolved": "https://registry.npmjs.org/cosmetic/-/cosmetic-1.1.1.tgz",
      "integrity": "sha512-JG2xp0ltrxNj7z422xoNsZvSZGGptywN9fBsfCj9lSCcWIYvpNax5K2mp8SsdNRwE3Eg+OeTCp2Y3fyl5vXQVg=="
    }
  }
}
